// !$*UTF8*$!
{
	archiveVersion = 1;
	classes = {
	};
	objectVersion = 46;
	objects = {

/* Begin PBXBuildFile section */
		22071A4A1D50452A00A9CDD0 /* EventViewController.swift in Sources */ = {isa = PBXBuildFile; fileRef = 22071A491D50452A00A9CDD0 /* EventViewController.swift */; };
		2274FDAB1D431A83006BFCAE /* AppDelegate.swift in Sources */ = {isa = PBXBuildFile; fileRef = 2274FDAA1D431A83006BFCAE /* AppDelegate.swift */; };
		2274FDAD1D431A83006BFCAE /* ViewController.swift in Sources */ = {isa = PBXBuildFile; fileRef = 2274FDAC1D431A83006BFCAE /* ViewController.swift */; };
		2274FDB01D431A83006BFCAE /* Main.storyboard in Resources */ = {isa = PBXBuildFile; fileRef = 2274FDAE1D431A83006BFCAE /* Main.storyboard */; };
		2274FDB31D431A83006BFCAE /* Expenses.xcdatamodeld in Sources */ = {isa = PBXBuildFile; fileRef = 2274FDB11D431A83006BFCAE /* Expenses.xcdatamodeld */; };
		2274FDB51D431A83006BFCAE /* Assets.xcassets in Resources */ = {isa = PBXBuildFile; fileRef = 2274FDB41D431A83006BFCAE /* Assets.xcassets */; };
		2274FDB81D431A83006BFCAE /* LaunchScreen.storyboard in Resources */ = {isa = PBXBuildFile; fileRef = 2274FDB61D431A83006BFCAE /* LaunchScreen.storyboard */; };
		2274FDC01D431AD0006BFCAE /* ExpenseModel.swift in Sources */ = {isa = PBXBuildFile; fileRef = 2274FDBF1D431AD0006BFCAE /* ExpenseModel.swift */; };
		2274FDC61D4566CC006BFCAE /* EventsViewController.swift in Sources */ = {isa = PBXBuildFile; fileRef = 2274FDC51D4566CC006BFCAE /* EventsViewController.swift */; };
		2274FDC81D45672D006BFCAE /* Event.swift in Sources */ = {isa = PBXBuildFile; fileRef = 2274FDC71D45672D006BFCAE /* Event.swift */; };
		2274FDCA1D456767006BFCAE /* SampleData.swift in Sources */ = {isa = PBXBuildFile; fileRef = 2274FDC91D456767006BFCAE /* SampleData.swift */; };
		2274FDCC1D456C12006BFCAE /* EventDetailsViewController.swift in Sources */ = {isa = PBXBuildFile; fileRef = 2274FDCB1D456C12006BFCAE /* EventDetailsViewController.swift */; };
/* End PBXBuildFile section */

/* Begin PBXFileReference section */
		22071A491D50452A00A9CDD0 /* EventViewController.swift */ = {isa = PBXFileReference; fileEncoding = 4; lastKnownFileType = sourcecode.swift; path = EventViewController.swift; sourceTree = "<group>"; };
		2274FDA71D431A83006BFCAE /* Expenses.app */ = {isa = PBXFileReference; explicitFileType = wrapper.application; includeInIndex = 0; path = Expenses.app; sourceTree = BUILT_PRODUCTS_DIR; };
		2274FDAA1D431A83006BFCAE /* AppDelegate.swift */ = {isa = PBXFileReference; lastKnownFileType = sourcecode.swift; path = AppDelegate.swift; sourceTree = "<group>"; };
		2274FDAC1D431A83006BFCAE /* ViewController.swift */ = {isa = PBXFileReference; lastKnownFileType = sourcecode.swift; path = ViewController.swift; sourceTree = "<group>"; };
		2274FDAF1D431A83006BFCAE /* Base */ = {isa = PBXFileReference; lastKnownFileType = file.storyboard; name = Base; path = Base.lproj/Main.storyboard; sourceTree = "<group>"; };
		2274FDB21D431A83006BFCAE /* Expenses.xcdatamodel */ = {isa = PBXFileReference; lastKnownFileType = wrapper.xcdatamodel; path = Expenses.xcdatamodel; sourceTree = "<group>"; };
		2274FDB41D431A83006BFCAE /* Assets.xcassets */ = {isa = PBXFileReference; lastKnownFileType = folder.assetcatalog; path = Assets.xcassets; sourceTree = "<group>"; };
		2274FDB71D431A83006BFCAE /* Base */ = {isa = PBXFileReference; lastKnownFileType = file.storyboard; name = Base; path = Base.lproj/LaunchScreen.storyboard; sourceTree = "<group>"; };
		2274FDB91D431A83006BFCAE /* Info.plist */ = {isa = PBXFileReference; lastKnownFileType = text.plist.xml; path = Info.plist; sourceTree = "<group>"; };
		2274FDBF1D431AD0006BFCAE /* ExpenseModel.swift */ = {isa = PBXFileReference; fileEncoding = 4; lastKnownFileType = sourcecode.swift; name = ExpenseModel.swift; path = ../ExpenseModel.swift; sourceTree = "<group>"; };
		2274FDC51D4566CC006BFCAE /* EventsViewController.swift */ = {isa = PBXFileReference; fileEncoding = 4; lastKnownFileType = sourcecode.swift; path = EventsViewController.swift; sourceTree = "<group>"; };
		2274FDC71D45672D006BFCAE /* Event.swift */ = {isa = PBXFileReference; fileEncoding = 4; lastKnownFileType = sourcecode.swift; path = Event.swift; sourceTree = "<group>"; };
		2274FDC91D456767006BFCAE /* SampleData.swift */ = {isa = PBXFileReference; fileEncoding = 4; lastKnownFileType = sourcecode.swift; path = SampleData.swift; sourceTree = "<group>"; };
		2274FDCB1D456C12006BFCAE /* EventDetailsViewController.swift */ = {isa = PBXFileReference; fileEncoding = 4; lastKnownFileType = sourcecode.swift; path = EventDetailsViewController.swift; sourceTree = "<group>"; };
/* End PBXFileReference section */

/* Begin PBXFrameworksBuildPhase section */
		2274FDA41D431A83006BFCAE /* Frameworks */ = {
			isa = PBXFrameworksBuildPhase;
			buildActionMask = 2147483647;
			files = (
			);
			runOnlyForDeploymentPostprocessing = 0;
		};
/* End PBXFrameworksBuildPhase section */

/* Begin PBXGroup section */
		2274FD9E1D431A83006BFCAE = {
			isa = PBXGroup;
			children = (
				2274FDA91D431A83006BFCAE /* Expenses */,
				2274FDA81D431A83006BFCAE /* Products */,
			);
			sourceTree = "<group>";
		};
		2274FDA81D431A83006BFCAE /* Products */ = {
			isa = PBXGroup;
			children = (
				2274FDA71D431A83006BFCAE /* Expenses.app */,
			);
			name = Products;
			sourceTree = "<group>";
		};
		2274FDA91D431A83006BFCAE /* Expenses */ = {
			isa = PBXGroup;
			children = (
				2274FDBF1D431AD0006BFCAE /* ExpenseModel.swift */,
				2274FDC51D4566CC006BFCAE /* EventsViewController.swift */,
				2274FDAA1D431A83006BFCAE /* AppDelegate.swift */,
				2274FDAC1D431A83006BFCAE /* ViewController.swift */,
				2274FDAE1D431A83006BFCAE /* Main.storyboard */,
				2274FDB41D431A83006BFCAE /* Assets.xcassets */,
				2274FDB61D431A83006BFCAE /* LaunchScreen.storyboard */,
				2274FDB91D431A83006BFCAE /* Info.plist */,
				2274FDB11D431A83006BFCAE /* Expenses.xcdatamodeld */,
				2274FDC71D45672D006BFCAE /* Event.swift */,
				2274FDC91D456767006BFCAE /* SampleData.swift */,
				2274FDCB1D456C12006BFCAE /* EventDetailsViewController.swift */,
				22071A491D50452A00A9CDD0 /* EventViewController.swift */,
			);
			path = Expenses;
			sourceTree = "<group>";
		};
/* End PBXGroup section */

/* Begin PBXNativeTarget section */
		2274FDA61D431A83006BFCAE /* Expenses */ = {
			isa = PBXNativeTarget;
			buildConfigurationList = 2274FDBC1D431A83006BFCAE /* Build configuration list for PBXNativeTarget "Expenses" */;
			buildPhases = (
				2274FDA31D431A83006BFCAE /* Sources */,
				2274FDA41D431A83006BFCAE /* Frameworks */,
				2274FDA51D431A83006BFCAE /* Resources */,
			);
			buildRules = (
			);
			dependencies = (
			);
			name = Expenses;
			productName = Expenses;
			productReference = 2274FDA71D431A83006BFCAE /* Expenses.app */;
			productType = "com.apple.product-type.application";
		};
/* End PBXNativeTarget section */

/* Begin PBXProject section */
		2274FD9F1D431A83006BFCAE /* Project object */ = {
			isa = PBXProject;
			attributes = {
				LastSwiftUpdateCheck = 0730;
				LastUpgradeCheck = 0730;
				ORGANIZATIONNAME = "Oliver Wilkie";
				TargetAttributes = {
					2274FDA61D431A83006BFCAE = {
						CreatedOnToolsVersion = 7.3.1;
					};
				};
			};
			buildConfigurationList = 2274FDA21D431A83006BFCAE /* Build configuration list for PBXProject "Expenses" */;
			compatibilityVersion = "Xcode 3.2";
			developmentRegion = English;
			hasScannedForEncodings = 0;
			knownRegions = (
				en,
				Base,
			);
			mainGroup = 2274FD9E1D431A83006BFCAE;
			productRefGroup = 2274FDA81D431A83006BFCAE /* Products */;
			projectDirPath = "";
			projectRoot = "";
			targets = (
				2274FDA61D431A83006BFCAE /* Expenses */,
			);
		};
/* End PBXProject section */

/* Begin PBXResourcesBuildPhase section */
		2274FDA51D431A83006BFCAE /* Resources */ = {
			isa = PBXResourcesBuildPhase;
			buildActionMask = 2147483647;
			files = (
				2274FDB81D431A83006BFCAE /* LaunchScreen.storyboard in Resources */,
				2274FDB51D431A83006BFCAE /* Assets.xcassets in Resources */,
				2274FDB01D431A83006BFCAE /* Main.storyboard in Resources */,
			);
			runOnlyForDeploymentPostprocessing = 0;
		};
/* End PBXResourcesBuildPhase section */

/* Begin PBXSourcesBuildPhase section */
		2274FDA31D431A83006BFCAE /* Sources */ = {
			isa = PBXSourcesBuildPhase;
			buildActionMask = 2147483647;
			files = (
				2274FDAD1D431A83006BFCAE /* ViewController.swift in Sources */,
				2274FDB31D431A83006BFCAE /* Expenses.xcdatamodeld in Sources */,
				2274FDC01D431AD0006BFCAE /* ExpenseModel.swift in Sources */,
				2274FDC61D4566CC006BFCAE /* EventsViewController.swift in Sources */,
				2274FDC81D45672D006BFCAE /* Event.swift in Sources */,
				22071A4A1D50452A00A9CDD0 /* EventViewController.swift in Sources */,
				2274FDCC1D456C12006BFCAE /* EventDetailsViewController.swift in Sources */,
				2274FDAB1D431A83006BFCAE /* AppDelegate.swift in Sources */,
				2274FDCA1D456767006BFCAE /* SampleData.swift in Sources */,
			);
			runOnlyForDeploymentPostprocessing = 0;
		};
/* End PBXSourcesBuildPhase section */

/* Begin PBXVariantGroup section */
		2274FDAE1D431A83006BFCAE /* Main.storyboard */ = {
			isa = PBXVariantGroup;
			children = (
				2274FDAF1D431A83006BFCAE /* Base */,
			);
			name = Main.storyboard;
			sourceTree = "<group>";
		};
		2274FDB61D431A83006BFCAE /* LaunchScreen.storyboard */ = {
			isa = PBXVariantGroup;
			children = (
				2274FDB71D431A83006BFCAE /* Base */,
			);
			name = LaunchScreen.storyboard;
			sourceTree = "<group>";
		};
/* End PBXVariantGroup section */

/* Begin XCBuildConfiguration section */
		2274FDBA1D431A83006BFCAE /* Debug */ = {
			isa = XCBuildConfiguration;
			buildSettings = {
				ALWAYS_SEARCH_USER_PATHS = NO;
				CLANG_ANALYZER_NONNULL = YES;
				CLANG_CXX_LANGUAGE_STANDARD = "gnu++0x";
				CLANG_CXX_LIBRARY = "libc++";
				CLANG_ENABLE_MODULES = YES;
				CLANG_ENABLE_OBJC_ARC = YES;
				CLANG_WARN_BOOL_CONVERSION = YES;
				CLANG_WARN_CONSTANT_CONVERSION = YES;
				CLANG_WARN_DIRECT_OBJC_ISA_USAGE = YES_ERROR;
				CLANG_WARN_EMPTY_BODY = YES;
				CLANG_WARN_ENUM_CONVERSION = YES;
				CLANG_WARN_INT_CONVERSION = YES;
				CLANG_WARN_OBJC_ROOT_CLASS = YES_ERROR;
				CLANG_WARN_UNREACHABLE_CODE = YES;
				CLANG_WARN__DUPLICATE_METHOD_MATCH = YES;
				"CODE_SIGN_IDENTITY[sdk=iphoneos*]" = "iPhone Developer";
				COPY_PHASE_STRIP = NO;
				DEBUG_INFORMATION_FORMAT = dwarf;
				ENABLE_STRICT_OBJC_MSGSEND = YES;
				ENABLE_TESTABILITY = YES;
				GCC_C_LANGUAGE_STANDARD = gnu99;
				GCC_DYNAMIC_NO_PIC = NO;
				GCC_NO_COMMON_BLOCKS = YES;
				GCC_OPTIMIZATION_LEVEL = 0;
				GCC_PREPROCESSOR_DEFINITIONS = (
					"DEBUG=1",
					"$(inherited)",
				);
				GCC_WARN_64_TO_32_BIT_CONVERSION = YES;
				GCC_WARN_ABOUT_RETURN_TYPE = YES_ERROR;
				GCC_WARN_UNDECLARED_SELECTOR = YES;
				GCC_WARN_UNINITIALIZED_AUTOS = YES_AGGRESSIVE;
				GCC_WARN_UNUSED_FUNCTION = YES;
				GCC_WARN_UNUSED_VARIABLE = YES;
				IPHONEOS_DEPLOYMENT_TARGET = 9.3;
				MTL_ENABLE_DEBUG_INFO = YES;
				ONLY_ACTIVE_ARCH = YES;
				SDKROOT = iphoneos;
				SWIFT_OPTIMIZATION_LEVEL = "-Onone";
				TARGETED_DEVICE_FAMILY = "1,2";
			};
			name = Debug;
		};
		2274FDBB1D431A83006BFCAE /* Release */ = {
			isa = XCBuildConfiguration;
			buildSettings = {
				ALWAYS_SEARCH_USER_PATHS = NO;
				CLANG_ANALYZER_NONNULL = YES;
				CLANG_CXX_LANGUAGE_STANDARD = "gnu++0x";
				CLANG_CXX_LIBRARY = "libc++";
				CLANG_ENABLE_MODULES = YES;
				CLANG_ENABLE_OBJC_ARC = YES;
				CLANG_WARN_BOOL_CONVERSION = YES;
				CLANG_WARN_CONSTANT_CONVERSION = YES;
				CLANG_WARN_DIRECT_OBJC_ISA_USAGE = YES_ERROR;
				CLANG_WARN_EMPTY_BODY = YES;
				CLANG_WARN_ENUM_CONVERSION = YES;
				CLANG_WARN_INT_CONVERSION = YES;
				CLANG_WARN_OBJC_ROOT_CLASS = YES_ERROR;
				CLANG_WARN_UNREACHABLE_CODE = YES;
				CLANG_WARN__DUPLICATE_METHOD_MATCH = YES;
				"CODE_SIGN_IDENTITY[sdk=iphoneos*]" = "iPhone Developer";
				COPY_PHASE_STRIP = NO;
				DEBUG_INFORMATION_FORMAT = "dwarf-with-dsym";
				ENABLE_NS_ASSERTIONS = NO;
				ENABLE_STRICT_OBJC_MSGSEND = YES;
				GCC_C_LANGUAGE_STANDARD = gnu99;
				GCC_NO_COMMON_BLOCKS = YES;
				GCC_WARN_64_TO_32_BIT_CONVERSION = YES;
				GCC_WARN_ABOUT_RETURN_TYPE = YES_ERROR;
				GCC_WARN_UNDECLARED_SELECTOR = YES;
				GCC_WARN_UNINITIALIZED_AUTOS = YES_AGGRESSIVE;
				GCC_WARN_UNUSED_FUNCTION = YES;
				GCC_WARN_UNUSED_VARIABLE = YES;
				IPHONEOS_DEPLOYMENT_TARGET = 9.3;
				MTL_ENABLE_DEBUG_INFO = NO;
				SDKROOT = iphoneos;
				TARGETED_DEVICE_FAMILY = "1,2";
				VALIDATE_PRODUCT = YES;
			};
			name = Release;
		};
		2274FDBD1D431A83006BFCAE /* Debug */ = {
			isa = XCBuildConfiguration;
			buildSettings = {
				ASSETCATALOG_COMPILER_APPICON_NAME = AppIcon;
				INFOPLIST_FILE = Expenses/Info.plist;
				LD_RUNPATH_SEARCH_PATHS = "$(inherited) @executable_path/Frameworks";
				PRODUCT_BUNDLE_IDENTIFIER = com.oliverwilkie.Expenses;
				PRODUCT_NAME = "$(TARGET_NAME)";
			};
			name = Debug;
		};
		2274FDBE1D431A83006BFCAE /* Release */ = {
			isa = XCBuildConfiguration;
			buildSettings = {
				ASSETCATALOG_COMPILER_APPICON_NAME = AppIcon;
				INFOPLIST_FILE = Expenses/Info.plist;
				LD_RUNPATH_SEARCH_PATHS = "$(inherited) @executable_path/Frameworks";
				PRODUCT_BUNDLE_IDENTIFIER = com.oliverwilkie.Expenses;
				PRODUCT_NAME = "$(TARGET_NAME)";
			};
			name = Release;
		};
/* End XCBuildConfiguration section */

/* Begin XCConfigurationList section */
		2274FDA21D431A83006BFCAE /* Build configuration list for PBXProject "Expenses" */ = {
			isa = XCConfigurationList;
			buildConfigurations = (
				2274FDBA1D431A83006BFCAE /* Debug */,
				2274FDBB1D431A83006BFCAE /* Release */,
			);
			defaultConfigurationIsVisible = 0;
			defaultConfigurationName = Release;
		};
		2274FDBC1D431A83006BFCAE /* Build configuration list for PBXNativeTarget "Expenses" */ = {
			isa = XCConfigurationList;
			buildConfigurations = (
				2274FDBD1D431A83006BFCAE /* Debug */,
				2274FDBE1D431A83006BFCAE /* Release */,
			);
			defaultConfigurationIsVisible = 0;
			defaultConfigurationName = Release;
		};
/* End XCConfigurationList section */

/* Begin XCVersionGroup section */
		2274FDB11D431A83006BFCAE /* Expenses.xcdatamodeld */ = {
			isa = XCVersionGroup;
			children = (
				2274FDB21D431A83006BFCAE /* Expenses.xcdatamodel */,
			);
			currentVersion = 2274FDB21D431A83006BFCAE /* Expenses.xcdatamodel */;
			path = Expenses.xcdatamodeld;
			sourceTree = "<group>";
			versionGroupType = wrapper.xcdatamodel;
		};
/* End XCVersionGroup section */
	};
	rootObject = 2274FD9F1D431A83006BFCAE /* Project object */;
}
