// !$*UTF8*$!
{
	archiveVersion = 1;
	classes = {
	};
	objectVersion = 46;
	objects = {

/* Begin PBXBuildFile section */
		2219A5EE1D5FD8C20097B6E4 /* Main.storyboard in Resources */ = {isa = PBXBuildFile; fileRef = 2219A5EC1D5FD8C20097B6E4 /* Main.storyboard */; };
		2274FDAB1D431A83006BFCAE /* AppDelegate.swift in Sources */ = {isa = PBXBuildFile; fileRef = 2274FDAA1D431A83006BFCAE /* AppDelegate.swift */; };
		2274FDB31D431A83006BFCAE /* Expenses.xcdatamodeld in Sources */ = {isa = PBXBuildFile; fileRef = 2274FDB11D431A83006BFCAE /* Expenses.xcdatamodeld */; };
		2274FDB51D431A83006BFCAE /* Assets.xcassets in Resources */ = {isa = PBXBuildFile; fileRef = 2274FDB41D431A83006BFCAE /* Assets.xcassets */; };
		2274FDB81D431A83006BFCAE /* LaunchScreen.storyboard in Resources */ = {isa = PBXBuildFile; fileRef = 2274FDB61D431A83006BFCAE /* LaunchScreen.storyboard */; };
		227BBE2A1D7148710033EE11 /* EventDetailsViewController.swift in Sources */ = {isa = PBXBuildFile; fileRef = 227BBE261D7148710033EE11 /* EventDetailsViewController.swift */; };
		227BBE2B1D7148710033EE11 /* EventsViewController.swift in Sources */ = {isa = PBXBuildFile; fileRef = 227BBE271D7148710033EE11 /* EventsViewController.swift */; };
		227BBE2C1D7148710033EE11 /* EventViewController.swift in Sources */ = {isa = PBXBuildFile; fileRef = 227BBE281D7148710033EE11 /* EventViewController.swift */; };
		227BBE2D1D7148710033EE11 /* ActivityViewController.swift in Sources */ = {isa = PBXBuildFile; fileRef = 227BBE291D7148710033EE11 /* ActivityViewController.swift */; };
		227BBE321D7148990033EE11 /* ChoosePayerViewController.swift in Sources */ = {isa = PBXBuildFile; fileRef = 227BBE2E1D7148990033EE11 /* ChoosePayerViewController.swift */; };
		227BBE331D7148990033EE11 /* ChoosePeopleViewController.swift in Sources */ = {isa = PBXBuildFile; fileRef = 227BBE2F1D7148990033EE11 /* ChoosePeopleViewController.swift */; };
		227BBE341D7148990033EE11 /* PaymentDetailsViewController.swift in Sources */ = {isa = PBXBuildFile; fileRef = 227BBE301D7148990033EE11 /* PaymentDetailsViewController.swift */; };
		227BBE351D7148990033EE11 /* ReviewNewExpenseViewController.swift in Sources */ = {isa = PBXBuildFile; fileRef = 227BBE311D7148990033EE11 /* ReviewNewExpenseViewController.swift */; };
		227BBE3C1D71495D0033EE11 /* Amount.swift in Sources */ = {isa = PBXBuildFile; fileRef = 227BBE361D71495D0033EE11 /* Amount.swift */; };
		227BBE3D1D71495D0033EE11 /* Event.swift in Sources */ = {isa = PBXBuildFile; fileRef = 227BBE371D71495D0033EE11 /* Event.swift */; };
		227BBE401D71495D0033EE11 /* Payment.swift in Sources */ = {isa = PBXBuildFile; fileRef = 227BBE3A1D71495D0033EE11 /* Payment.swift */; };
		227BBE441D72042D0033EE11 /* DataHelper.swift in Sources */ = {isa = PBXBuildFile; fileRef = 227BBE431D72042D0033EE11 /* DataHelper.swift */; };
		227BBE461D721E5A0033EE11 /* EventPeopleDetailsViewController.swift in Sources */ = {isa = PBXBuildFile; fileRef = 227BBE451D721E5A0033EE11 /* EventPeopleDetailsViewController.swift */; };
		227BBE491D7222130033EE11 /* Person+CoreDataProperties.swift in Sources */ = {isa = PBXBuildFile; fileRef = 227BBE471D7222130033EE11 /* Person+CoreDataProperties.swift */; };
		227BBE4A1D7222130033EE11 /* Person.swift in Sources */ = {isa = PBXBuildFile; fileRef = 227BBE481D7222130033EE11 /* Person.swift */; };
		227BBE591D7234B50033EE11 /* Expense+CoreDataProperties.swift in Sources */ = {isa = PBXBuildFile; fileRef = 227BBE571D7234B50033EE11 /* Expense+CoreDataProperties.swift */; };
		227BBE5A1D7234B50033EE11 /* Expense.swift in Sources */ = {isa = PBXBuildFile; fileRef = 227BBE581D7234B50033EE11 /* Expense.swift */; };
		227BBE5C1D7234DF0033EE11 /* Event+CoreDataProperties.swift in Sources */ = {isa = PBXBuildFile; fileRef = 227BBE5B1D7234DF0033EE11 /* Event+CoreDataProperties.swift */; };
		227BBE5E1D7251350033EE11 /* DateHelper.swift in Sources */ = {isa = PBXBuildFile; fileRef = 227BBE5D1D7251350033EE11 /* DateHelper.swift */; };
		227BBE9C1D734CD10033EE11 /* SettlementsViewController.swift in Sources */ = {isa = PBXBuildFile; fileRef = 227BBE9B1D734CD10033EE11 /* SettlementsViewController.swift */; };
		227BBEA01D734F650033EE11 /* SettlementRecommendation.swift in Sources */ = {isa = PBXBuildFile; fileRef = 227BBE9F1D734F650033EE11 /* SettlementRecommendation.swift */; };
		227BBEA31D7352070033EE11 /* SettlementService.swift in Sources */ = {isa = PBXBuildFile; fileRef = 227BBEA21D7352070033EE11 /* SettlementService.swift */; };
		227BBEA61D73894B0033EE11 /* ExpenseDetailsViewController.swift in Sources */ = {isa = PBXBuildFile; fileRef = 227BBEA51D73894B0033EE11 /* ExpenseDetailsViewController.swift */; };
		227BBEA81D73921C0033EE11 /* AmountHelper.swift in Sources */ = {isa = PBXBuildFile; fileRef = 227BBEA71D73921C0033EE11 /* AmountHelper.swift */; };
/* End PBXBuildFile section */

/* Begin PBXFileReference section */
		2219A5ED1D5FD8C20097B6E4 /* Base */ = {isa = PBXFileReference; lastKnownFileType = file.storyboard; name = Base; path = Base.lproj/Main.storyboard; sourceTree = "<group>"; };
		2274FDA71D431A83006BFCAE /* Expenses.app */ = {isa = PBXFileReference; explicitFileType = wrapper.application; includeInIndex = 0; path = Expenses.app; sourceTree = BUILT_PRODUCTS_DIR; };
		2274FDAA1D431A83006BFCAE /* AppDelegate.swift */ = {isa = PBXFileReference; lastKnownFileType = sourcecode.swift; path = AppDelegate.swift; sourceTree = "<group>"; };
		2274FDB21D431A83006BFCAE /* Expenses.xcdatamodel */ = {isa = PBXFileReference; lastKnownFileType = wrapper.xcdatamodel; path = Expenses.xcdatamodel; sourceTree = "<group>"; };
		2274FDB41D431A83006BFCAE /* Assets.xcassets */ = {isa = PBXFileReference; lastKnownFileType = folder.assetcatalog; path = Assets.xcassets; sourceTree = "<group>"; };
		2274FDB71D431A83006BFCAE /* Base */ = {isa = PBXFileReference; lastKnownFileType = file.storyboard; name = Base; path = Base.lproj/LaunchScreen.storyboard; sourceTree = "<group>"; };
		2274FDB91D431A83006BFCAE /* Info.plist */ = {isa = PBXFileReference; lastKnownFileType = text.plist.xml; path = Info.plist; sourceTree = "<group>"; };
		227BBE261D7148710033EE11 /* EventDetailsViewController.swift */ = {isa = PBXFileReference; fileEncoding = 4; lastKnownFileType = sourcecode.swift; name = EventDetailsViewController.swift; path = Expenses/EventDetailsViewController.swift; sourceTree = SOURCE_ROOT; };
		227BBE271D7148710033EE11 /* EventsViewController.swift */ = {isa = PBXFileReference; fileEncoding = 4; lastKnownFileType = sourcecode.swift; name = EventsViewController.swift; path = Expenses/EventsViewController.swift; sourceTree = SOURCE_ROOT; };
		227BBE281D7148710033EE11 /* EventViewController.swift */ = {isa = PBXFileReference; fileEncoding = 4; lastKnownFileType = sourcecode.swift; name = EventViewController.swift; path = Expenses/EventViewController.swift; sourceTree = SOURCE_ROOT; };
		227BBE291D7148710033EE11 /* ActivityViewController.swift */ = {isa = PBXFileReference; fileEncoding = 4; lastKnownFileType = sourcecode.swift; name = ActivityViewController.swift; path = Expenses/ActivityViewController.swift; sourceTree = SOURCE_ROOT; };
		227BBE2E1D7148990033EE11 /* ChoosePayerViewController.swift */ = {isa = PBXFileReference; fileEncoding = 4; lastKnownFileType = sourcecode.swift; name = ChoosePayerViewController.swift; path = Expenses/ChoosePayerViewController.swift; sourceTree = SOURCE_ROOT; };
		227BBE2F1D7148990033EE11 /* ChoosePeopleViewController.swift */ = {isa = PBXFileReference; fileEncoding = 4; lastKnownFileType = sourcecode.swift; name = ChoosePeopleViewController.swift; path = Expenses/ChoosePeopleViewController.swift; sourceTree = SOURCE_ROOT; };
		227BBE301D7148990033EE11 /* PaymentDetailsViewController.swift */ = {isa = PBXFileReference; fileEncoding = 4; lastKnownFileType = sourcecode.swift; name = PaymentDetailsViewController.swift; path = Expenses/PaymentDetailsViewController.swift; sourceTree = SOURCE_ROOT; };
		227BBE311D7148990033EE11 /* ReviewNewExpenseViewController.swift */ = {isa = PBXFileReference; fileEncoding = 4; lastKnownFileType = sourcecode.swift; name = ReviewNewExpenseViewController.swift; path = Expenses/ReviewNewExpenseViewController.swift; sourceTree = SOURCE_ROOT; };
		227BBE361D71495D0033EE11 /* Amount.swift */ = {isa = PBXFileReference; fileEncoding = 4; lastKnownFileType = sourcecode.swift; name = Amount.swift; path = Expenses/Amount.swift; sourceTree = SOURCE_ROOT; };
		227BBE371D71495D0033EE11 /* Event.swift */ = {isa = PBXFileReference; fileEncoding = 4; lastKnownFileType = sourcecode.swift; name = Event.swift; path = Expenses/Event.swift; sourceTree = SOURCE_ROOT; };
		227BBE3A1D71495D0033EE11 /* Payment.swift */ = {isa = PBXFileReference; fileEncoding = 4; lastKnownFileType = sourcecode.swift; name = Payment.swift; path = Expenses/Payment.swift; sourceTree = SOURCE_ROOT; };
		227BBE431D72042D0033EE11 /* DataHelper.swift */ = {isa = PBXFileReference; fileEncoding = 4; lastKnownFileType = sourcecode.swift; path = DataHelper.swift; sourceTree = "<group>"; };
		227BBE451D721E5A0033EE11 /* EventPeopleDetailsViewController.swift */ = {isa = PBXFileReference; fileEncoding = 4; lastKnownFileType = sourcecode.swift; name = EventPeopleDetailsViewController.swift; path = Expenses/EventPeopleDetailsViewController.swift; sourceTree = SOURCE_ROOT; };
		227BBE471D7222130033EE11 /* Person+CoreDataProperties.swift */ = {isa = PBXFileReference; fileEncoding = 4; lastKnownFileType = sourcecode.swift; name = "Person+CoreDataProperties.swift"; path = "Expenses/Person+CoreDataProperties.swift"; sourceTree = SOURCE_ROOT; };
		227BBE481D7222130033EE11 /* Person.swift */ = {isa = PBXFileReference; fileEncoding = 4; lastKnownFileType = sourcecode.swift; name = Person.swift; path = Expenses/Person.swift; sourceTree = SOURCE_ROOT; };
		227BBE571D7234B50033EE11 /* Expense+CoreDataProperties.swift */ = {isa = PBXFileReference; fileEncoding = 4; lastKnownFileType = sourcecode.swift; name = "Expense+CoreDataProperties.swift"; path = "Expenses/Expense+CoreDataProperties.swift"; sourceTree = SOURCE_ROOT; };
		227BBE581D7234B50033EE11 /* Expense.swift */ = {isa = PBXFileReference; fileEncoding = 4; lastKnownFileType = sourcecode.swift; name = Expense.swift; path = Expenses/Expense.swift; sourceTree = SOURCE_ROOT; };
		227BBE5B1D7234DF0033EE11 /* Event+CoreDataProperties.swift */ = {isa = PBXFileReference; fileEncoding = 4; lastKnownFileType = sourcecode.swift; name = "Event+CoreDataProperties.swift"; path = "Expenses/Event+CoreDataProperties.swift"; sourceTree = SOURCE_ROOT; };
		227BBE5D1D7251350033EE11 /* DateHelper.swift */ = {isa = PBXFileReference; fileEncoding = 4; lastKnownFileType = sourcecode.swift; path = DateHelper.swift; sourceTree = "<group>"; };
		227BBE9B1D734CD10033EE11 /* SettlementsViewController.swift */ = {isa = PBXFileReference; fileEncoding = 4; lastKnownFileType = sourcecode.swift; name = SettlementsViewController.swift; path = Expenses/SettlementsViewController.swift; sourceTree = SOURCE_ROOT; };
		227BBE9F1D734F650033EE11 /* SettlementRecommendation.swift */ = {isa = PBXFileReference; fileEncoding = 4; lastKnownFileType = sourcecode.swift; name = SettlementRecommendation.swift; path = Expenses/SettlementRecommendation.swift; sourceTree = SOURCE_ROOT; };
		227BBEA21D7352070033EE11 /* SettlementService.swift */ = {isa = PBXFileReference; fileEncoding = 4; lastKnownFileType = sourcecode.swift; path = SettlementService.swift; sourceTree = "<group>"; };
		227BBEA51D73894B0033EE11 /* ExpenseDetailsViewController.swift */ = {isa = PBXFileReference; fileEncoding = 4; lastKnownFileType = sourcecode.swift; name = ExpenseDetailsViewController.swift; path = Expenses/ExpenseDetailsViewController.swift; sourceTree = SOURCE_ROOT; };
		227BBEA71D73921C0033EE11 /* AmountHelper.swift */ = {isa = PBXFileReference; fileEncoding = 4; lastKnownFileType = sourcecode.swift; path = AmountHelper.swift; sourceTree = "<group>"; };
/* End PBXFileReference section */

/* Begin PBXFrameworksBuildPhase section */
		2274FDA41D431A83006BFCAE /* Frameworks */ = {
			isa = PBXFrameworksBuildPhase;
			buildActionMask = 2147483647;
			files = (
			);
			runOnlyForDeploymentPostprocessing = 0;
		};
/* End PBXFrameworksBuildPhase section */

/* Begin PBXGroup section */
		22511FDE1D65616F00E07886 /* NewExpense */ = {
			isa = PBXGroup;
			children = (
				227BBE2E1D7148990033EE11 /* ChoosePayerViewController.swift */,
				227BBE2F1D7148990033EE11 /* ChoosePeopleViewController.swift */,
				227BBE301D7148990033EE11 /* PaymentDetailsViewController.swift */,
				227BBE311D7148990033EE11 /* ReviewNewExpenseViewController.swift */,
			);
			name = NewExpense;
			sourceTree = "<group>";
		};
		2274FD9E1D431A83006BFCAE = {
			isa = PBXGroup;
			children = (
				2274FDA91D431A83006BFCAE /* Expenses */,
				2274FDA81D431A83006BFCAE /* Products */,
			);
			sourceTree = "<group>";
		};
		2274FDA81D431A83006BFCAE /* Products */ = {
			isa = PBXGroup;
			children = (
				2274FDA71D431A83006BFCAE /* Expenses.app */,
			);
			name = Products;
			sourceTree = "<group>";
		};
		2274FDA91D431A83006BFCAE /* Expenses */ = {
			isa = PBXGroup;
			children = (
				227BBEA11D7351E20033EE11 /* Services */,
				227BBE421D7204170033EE11 /* Helpers */,
				22D46B9B1D64BCA1003BAB73 /* Controllers */,
				22D46B9A1D64BC8B003BAB73 /* Views */,
				22D46B981D64BC38003BAB73 /* Models */,
				2219A5EC1D5FD8C20097B6E4 /* Main.storyboard */,
				2274FDAA1D431A83006BFCAE /* AppDelegate.swift */,
				2274FDB41D431A83006BFCAE /* Assets.xcassets */,
				2274FDB61D431A83006BFCAE /* LaunchScreen.storyboard */,
				2274FDB91D431A83006BFCAE /* Info.plist */,
				2274FDB11D431A83006BFCAE /* Expenses.xcdatamodeld */,
			);
			path = Expenses;
			sourceTree = "<group>";
		};
		227BBE421D7204170033EE11 /* Helpers */ = {
			isa = PBXGroup;
			children = (
				227BBE431D72042D0033EE11 /* DataHelper.swift */,
				227BBE5D1D7251350033EE11 /* DateHelper.swift */,
				227BBEA71D73921C0033EE11 /* AmountHelper.swift */,
			);
			name = Helpers;
			sourceTree = "<group>";
		};
		227BBEA11D7351E20033EE11 /* Services */ = {
			isa = PBXGroup;
			children = (
				227BBEA21D7352070033EE11 /* SettlementService.swift */,
			);
			name = Services;
			sourceTree = "<group>";
		};
		227BBEA41D7385F40033EE11 /* NewEvent */ = {
			isa = PBXGroup;
			children = (
				227BBE451D721E5A0033EE11 /* EventPeopleDetailsViewController.swift */,
				227BBE261D7148710033EE11 /* EventDetailsViewController.swift */,
			);
			name = NewEvent;
			sourceTree = "<group>";
		};
		22D46B981D64BC38003BAB73 /* Models */ = {
			isa = PBXGroup;
			children = (
				227BBE5B1D7234DF0033EE11 /* Event+CoreDataProperties.swift */,
				227BBE571D7234B50033EE11 /* Expense+CoreDataProperties.swift */,
				227BBE581D7234B50033EE11 /* Expense.swift */,
				227BBE371D71495D0033EE11 /* Event.swift */,
				227BBE471D7222130033EE11 /* Person+CoreDataProperties.swift */,
				227BBE481D7222130033EE11 /* Person.swift */,
				227BBE361D71495D0033EE11 /* Amount.swift */,
				227BBE3A1D71495D0033EE11 /* Payment.swift */,
				227BBE9F1D734F650033EE11 /* SettlementRecommendation.swift */,
			);
			path = Models;
			sourceTree = "<group>";
		};
		22D46B9A1D64BC8B003BAB73 /* Views */ = {
			isa = PBXGroup;
			children = (
			);
			path = Views;
			sourceTree = "<group>";
		};
		22D46B9B1D64BCA1003BAB73 /* Controllers */ = {
			isa = PBXGroup;
			children = (
				227BBEA41D7385F40033EE11 /* NewEvent */,
				227BBE271D7148710033EE11 /* EventsViewController.swift */,
				227BBE281D7148710033EE11 /* EventViewController.swift */,
				227BBE291D7148710033EE11 /* ActivityViewController.swift */,
				227BBE9B1D734CD10033EE11 /* SettlementsViewController.swift */,
				227BBEA51D73894B0033EE11 /* ExpenseDetailsViewController.swift */,
				22511FDE1D65616F00E07886 /* NewExpense */,
			);
			path = Controllers;
			sourceTree = "<group>";
		};
/* End PBXGroup section */

/* Begin PBXNativeTarget section */
		2274FDA61D431A83006BFCAE /* Expenses */ = {
			isa = PBXNativeTarget;
			buildConfigurationList = 2274FDBC1D431A83006BFCAE /* Build configuration list for PBXNativeTarget "Expenses" */;
			buildPhases = (
				2274FDA31D431A83006BFCAE /* Sources */,
				2274FDA41D431A83006BFCAE /* Frameworks */,
				2274FDA51D431A83006BFCAE /* Resources */,
			);
			buildRules = (
			);
			dependencies = (
			);
			name = Expenses;
			productName = Expenses;
			productReference = 2274FDA71D431A83006BFCAE /* Expenses.app */;
			productType = "com.apple.product-type.application";
		};
/* End PBXNativeTarget section */

/* Begin PBXProject section */
		2274FD9F1D431A83006BFCAE /* Project object */ = {
			isa = PBXProject;
			attributes = {
				LastSwiftUpdateCheck = 0730;
				LastUpgradeCheck = 0730;
				ORGANIZATIONNAME = "Oliver Wilkie";
				TargetAttributes = {
					2274FDA61D431A83006BFCAE = {
						CreatedOnToolsVersion = 7.3.1;
						DevelopmentTeam = 73JD7Z7FT4;
					};
				};
			};
			buildConfigurationList = 2274FDA21D431A83006BFCAE /* Build configuration list for PBXProject "Expenses" */;
			compatibilityVersion = "Xcode 3.2";
			developmentRegion = English;
			hasScannedForEncodings = 0;
			knownRegions = (
				en,
				Base,
			);
			mainGroup = 2274FD9E1D431A83006BFCAE;
			productRefGroup = 2274FDA81D431A83006BFCAE /* Products */;
			projectDirPath = "";
			projectRoot = "";
			targets = (
				2274FDA61D431A83006BFCAE /* Expenses */,
			);
		};
/* End PBXProject section */

/* Begin PBXResourcesBuildPhase section */
		2274FDA51D431A83006BFCAE /* Resources */ = {
			isa = PBXResourcesBuildPhase;
			buildActionMask = 2147483647;
			files = (
				2219A5EE1D5FD8C20097B6E4 /* Main.storyboard in Resources */,
				2274FDB81D431A83006BFCAE /* LaunchScreen.storyboard in Resources */,
				2274FDB51D431A83006BFCAE /* Assets.xcassets in Resources */,
			);
			runOnlyForDeploymentPostprocessing = 0;
		};
/* End PBXResourcesBuildPhase section */

/* Begin PBXSourcesBuildPhase section */
		2274FDA31D431A83006BFCAE /* Sources */ = {
			isa = PBXSourcesBuildPhase;
			buildActionMask = 2147483647;
			files = (
				227BBEA61D73894B0033EE11 /* ExpenseDetailsViewController.swift in Sources */,
				227BBE5C1D7234DF0033EE11 /* Event+CoreDataProperties.swift in Sources */,
				227BBE5A1D7234B50033EE11 /* Expense.swift in Sources */,
				227BBE341D7148990033EE11 /* PaymentDetailsViewController.swift in Sources */,
				2274FDB31D431A83006BFCAE /* Expenses.xcdatamodeld in Sources */,
				227BBEA31D7352070033EE11 /* SettlementService.swift in Sources */,
				227BBE2C1D7148710033EE11 /* EventViewController.swift in Sources */,
				227BBE2A1D7148710033EE11 /* EventDetailsViewController.swift in Sources */,
				227BBE591D7234B50033EE11 /* Expense+CoreDataProperties.swift in Sources */,
				227BBEA01D734F650033EE11 /* SettlementRecommendation.swift in Sources */,
				227BBE2D1D7148710033EE11 /* ActivityViewController.swift in Sources */,
				227BBE351D7148990033EE11 /* ReviewNewExpenseViewController.swift in Sources */,
				227BBE9C1D734CD10033EE11 /* SettlementsViewController.swift in Sources */,
				227BBEA81D73921C0033EE11 /* AmountHelper.swift in Sources */,
				227BBE401D71495D0033EE11 /* Payment.swift in Sources */,
				227BBE321D7148990033EE11 /* ChoosePayerViewController.swift in Sources */,
				2274FDAB1D431A83006BFCAE /* AppDelegate.swift in Sources */,
				227BBE441D72042D0033EE11 /* DataHelper.swift in Sources */,
				227BBE4A1D7222130033EE11 /* Person.swift in Sources */,
				227BBE331D7148990033EE11 /* ChoosePeopleViewController.swift in Sources */,
				227BBE491D7222130033EE11 /* Person+CoreDataProperties.swift in Sources */,
				227BBE2B1D7148710033EE11 /* EventsViewController.swift in Sources */,
				227BBE461D721E5A0033EE11 /* EventPeopleDetailsViewController.swift in Sources */,
				227BBE3C1D71495D0033EE11 /* Amount.swift in Sources */,
				227BBE5E1D7251350033EE11 /* DateHelper.swift in Sources */,
				227BBE3D1D71495D0033EE11 /* Event.swift in Sources */,
			);
			runOnlyForDeploymentPostprocessing = 0;
		};
/* End PBXSourcesBuildPhase section */

/* Begin PBXVariantGroup section */
		2219A5EC1D5FD8C20097B6E4 /* Main.storyboard */ = {
			isa = PBXVariantGroup;
			children = (
				2219A5ED1D5FD8C20097B6E4 /* Base */,
			);
			name = Main.storyboard;
			sourceTree = "<group>";
		};
		2274FDB61D431A83006BFCAE /* LaunchScreen.storyboard */ = {
			isa = PBXVariantGroup;
			children = (
				2274FDB71D431A83006BFCAE /* Base */,
			);
			name = LaunchScreen.storyboard;
			sourceTree = "<group>";
		};
/* End PBXVariantGroup section */

/* Begin XCBuildConfiguration section */
		2274FDBA1D431A83006BFCAE /* Debug */ = {
			isa = XCBuildConfiguration;
			buildSettings = {
				ALWAYS_SEARCH_USER_PATHS = NO;
				CLANG_ANALYZER_NONNULL = YES;
				CLANG_CXX_LANGUAGE_STANDARD = "gnu++0x";
				CLANG_CXX_LIBRARY = "libc++";
				CLANG_ENABLE_MODULES = YES;
				CLANG_ENABLE_OBJC_ARC = YES;
				CLANG_WARN_BOOL_CONVERSION = YES;
				CLANG_WARN_CONSTANT_CONVERSION = YES;
				CLANG_WARN_DIRECT_OBJC_ISA_USAGE = YES_ERROR;
				CLANG_WARN_EMPTY_BODY = YES;
				CLANG_WARN_ENUM_CONVERSION = YES;
				CLANG_WARN_INT_CONVERSION = YES;
				CLANG_WARN_OBJC_ROOT_CLASS = YES_ERROR;
				CLANG_WARN_UNREACHABLE_CODE = YES;
				CLANG_WARN__DUPLICATE_METHOD_MATCH = YES;
				"CODE_SIGN_IDENTITY[sdk=iphoneos*]" = "iPhone Developer";
				COPY_PHASE_STRIP = NO;
				DEBUG_INFORMATION_FORMAT = dwarf;
				ENABLE_STRICT_OBJC_MSGSEND = YES;
				ENABLE_TESTABILITY = YES;
				GCC_C_LANGUAGE_STANDARD = gnu99;
				GCC_DYNAMIC_NO_PIC = NO;
				GCC_NO_COMMON_BLOCKS = YES;
				GCC_OPTIMIZATION_LEVEL = 0;
				GCC_PREPROCESSOR_DEFINITIONS = (
					"DEBUG=1",
					"$(inherited)",
				);
				GCC_WARN_64_TO_32_BIT_CONVERSION = YES;
				GCC_WARN_ABOUT_RETURN_TYPE = YES_ERROR;
				GCC_WARN_UNDECLARED_SELECTOR = YES;
				GCC_WARN_UNINITIALIZED_AUTOS = YES_AGGRESSIVE;
				GCC_WARN_UNUSED_FUNCTION = YES;
				GCC_WARN_UNUSED_VARIABLE = YES;
				IPHONEOS_DEPLOYMENT_TARGET = 9.3;
				MTL_ENABLE_DEBUG_INFO = YES;
				ONLY_ACTIVE_ARCH = YES;
				SDKROOT = iphoneos;
				SWIFT_OPTIMIZATION_LEVEL = "-Onone";
				TARGETED_DEVICE_FAMILY = "1,2";
			};
			name = Debug;
		};
		2274FDBB1D431A83006BFCAE /* Release */ = {
			isa = XCBuildConfiguration;
			buildSettings = {
				ALWAYS_SEARCH_USER_PATHS = NO;
				CLANG_ANALYZER_NONNULL = YES;
				CLANG_CXX_LANGUAGE_STANDARD = "gnu++0x";
				CLANG_CXX_LIBRARY = "libc++";
				CLANG_ENABLE_MODULES = YES;
				CLANG_ENABLE_OBJC_ARC = YES;
				CLANG_WARN_BOOL_CONVERSION = YES;
				CLANG_WARN_CONSTANT_CONVERSION = YES;
				CLANG_WARN_DIRECT_OBJC_ISA_USAGE = YES_ERROR;
				CLANG_WARN_EMPTY_BODY = YES;
				CLANG_WARN_ENUM_CONVERSION = YES;
				CLANG_WARN_INT_CONVERSION = YES;
				CLANG_WARN_OBJC_ROOT_CLASS = YES_ERROR;
				CLANG_WARN_UNREACHABLE_CODE = YES;
				CLANG_WARN__DUPLICATE_METHOD_MATCH = YES;
				"CODE_SIGN_IDENTITY[sdk=iphoneos*]" = "iPhone Developer";
				COPY_PHASE_STRIP = NO;
				DEBUG_INFORMATION_FORMAT = "dwarf-with-dsym";
				ENABLE_NS_ASSERTIONS = NO;
				ENABLE_STRICT_OBJC_MSGSEND = YES;
				GCC_C_LANGUAGE_STANDARD = gnu99;
				GCC_NO_COMMON_BLOCKS = YES;
				GCC_WARN_64_TO_32_BIT_CONVERSION = YES;
				GCC_WARN_ABOUT_RETURN_TYPE = YES_ERROR;
				GCC_WARN_UNDECLARED_SELECTOR = YES;
				GCC_WARN_UNINITIALIZED_AUTOS = YES_AGGRESSIVE;
				GCC_WARN_UNUSED_FUNCTION = YES;
				GCC_WARN_UNUSED_VARIABLE = YES;
				IPHONEOS_DEPLOYMENT_TARGET = 9.3;
				MTL_ENABLE_DEBUG_INFO = NO;
				SDKROOT = iphoneos;
				TARGETED_DEVICE_FAMILY = "1,2";
				VALIDATE_PRODUCT = YES;
			};
			name = Release;
		};
		2274FDBD1D431A83006BFCAE /* Debug */ = {
			isa = XCBuildConfiguration;
			buildSettings = {
				ASSETCATALOG_COMPILER_APPICON_NAME = AppIcon;
				CODE_SIGN_IDENTITY = "iPhone Developer";
				"CODE_SIGN_IDENTITY[sdk=iphoneos*]" = "iPhone Developer";
				INFOPLIST_FILE = Expenses/Info.plist;
				LD_RUNPATH_SEARCH_PATHS = "$(inherited) @executable_path/Frameworks";
				PRODUCT_BUNDLE_IDENTIFIER = com.oliverwilkie.Expenses;
				PRODUCT_NAME = "$(TARGET_NAME)";
				PROVISIONING_PROFILE = "";
			};
			name = Debug;
		};
		2274FDBE1D431A83006BFCAE /* Release */ = {
			isa = XCBuildConfiguration;
			buildSettings = {
				ASSETCATALOG_COMPILER_APPICON_NAME = AppIcon;
				CODE_SIGN_IDENTITY = "iPhone Developer";
				"CODE_SIGN_IDENTITY[sdk=iphoneos*]" = "iPhone Developer";
				INFOPLIST_FILE = Expenses/Info.plist;
				LD_RUNPATH_SEARCH_PATHS = "$(inherited) @executable_path/Frameworks";
				PRODUCT_BUNDLE_IDENTIFIER = com.oliverwilkie.Expenses;
				PRODUCT_NAME = "$(TARGET_NAME)";
				PROVISIONING_PROFILE = "";
			};
			name = Release;
		};
/* End XCBuildConfiguration section */

/* Begin XCConfigurationList section */
		2274FDA21D431A83006BFCAE /* Build configuration list for PBXProject "Expenses" */ = {
			isa = XCConfigurationList;
			buildConfigurations = (
				2274FDBA1D431A83006BFCAE /* Debug */,
				2274FDBB1D431A83006BFCAE /* Release */,
			);
			defaultConfigurationIsVisible = 0;
			defaultConfigurationName = Release;
		};
		2274FDBC1D431A83006BFCAE /* Build configuration list for PBXNativeTarget "Expenses" */ = {
			isa = XCConfigurationList;
			buildConfigurations = (
				2274FDBD1D431A83006BFCAE /* Debug */,
				2274FDBE1D431A83006BFCAE /* Release */,
			);
			defaultConfigurationIsVisible = 0;
			defaultConfigurationName = Release;
		};
/* End XCConfigurationList section */

/* Begin XCVersionGroup section */
		2274FDB11D431A83006BFCAE /* Expenses.xcdatamodeld */ = {
			isa = XCVersionGroup;
			children = (
				2274FDB21D431A83006BFCAE /* Expenses.xcdatamodel */,
			);
			currentVersion = 2274FDB21D431A83006BFCAE /* Expenses.xcdatamodel */;
			path = Expenses.xcdatamodeld;
			sourceTree = "<group>";
			versionGroupType = wrapper.xcdatamodel;
		};
/* End XCVersionGroup section */
	};
	rootObject = 2274FD9F1D431A83006BFCAE /* Project object */;
}
